// !$*UTF8*$!
{
	archiveVersion = 1;
	classes = {
	};
	objectVersion = 77;
	objects = {

/* Begin PBXContainerItemProxy section */
		EB28C2462D1DECCF00185C61 /* PBXContainerItemProxy */ = {
			isa = PBXContainerItemProxy;
			containerPortal = EB28C2272D1DECCE00185C61 /* Project object */;
			proxyType = 1;
			remoteGlobalIDString = EB28C22E2D1DECCF00185C61;
			remoteInfo = "ios-first-app";
		};
		EB28C2502D1DECCF00185C61 /* PBXContainerItemProxy */ = {
			isa = PBXContainerItemProxy;
			containerPortal = EB28C2272D1DECCE00185C61 /* Project object */;
			proxyType = 1;
			remoteGlobalIDString = EB28C22E2D1DECCF00185C61;
			remoteInfo = "ios-first-app";
		};
/* End PBXContainerItemProxy section */

/* Begin PBXFileReference section */
		EB28C22F2D1DECCF00185C61 /* ios-first-app.app */ = {isa = PBXFileReference; explicitFileType = wrapper.application; includeInIndex = 0; path = "ios-first-app.app"; sourceTree = BUILT_PRODUCTS_DIR; };
		EB28C2452D1DECCF00185C61 /* ios-first-appTests.xctest */ = {isa = PBXFileReference; explicitFileType = wrapper.cfbundle; includeInIndex = 0; path = "ios-first-appTests.xctest"; sourceTree = BUILT_PRODUCTS_DIR; };
		EB28C24F2D1DECCF00185C61 /* ios-first-appUITests.xctest */ = {isa = PBXFileReference; explicitFileType = wrapper.cfbundle; includeInIndex = 0; path = "ios-first-appUITests.xctest"; sourceTree = BUILT_PRODUCTS_DIR; };
/* End PBXFileReference section */

/* Begin PBXFileSystemSynchronizedBuildFileExceptionSet section */
		EB28C2572D1DECCF00185C61 /* Exceptions for "ios-first-app" folder in "ios-first-app" target */ = {
			isa = PBXFileSystemSynchronizedBuildFileExceptionSet;
			membershipExceptions = (
				Info.plist,
			);
			target = EB28C22E2D1DECCF00185C61 /* ios-first-app */;
		};
/* End PBXFileSystemSynchronizedBuildFileExceptionSet section */

/* Begin PBXFileSystemSynchronizedRootGroup section */
		EB28C2312D1DECCF00185C61 /* ios-first-app */ = {
			isa = PBXFileSystemSynchronizedRootGroup;
			exceptions = (
				EB28C2572D1DECCF00185C61 /* Exceptions for "ios-first-app" folder in "ios-first-app" target */,
			);
			path = "ios-first-app";
			sourceTree = "<group>";
		};
		EB28C2482D1DECCF00185C61 /* ios-first-appTests */ = {
			isa = PBXFileSystemSynchronizedRootGroup;
			path = "ios-first-appTests";
			sourceTree = "<group>";
		};
		EB28C2522D1DECCF00185C61 /* ios-first-appUITests */ = {
			isa = PBXFileSystemSynchronizedRootGroup;
			path = "ios-first-appUITests";
			sourceTree = "<group>";
		};
/* End PBXFileSystemSynchronizedRootGroup section */

/* Begin PBXFrameworksBuildPhase section */
		EB28C22C2D1DECCF00185C61 /* Frameworks */ = {
			isa = PBXFrameworksBuildPhase;
			buildActionMask = 2147483647;
			files = (
			);
			runOnlyForDeploymentPostprocessing = 0;
		};
		EB28C2422D1DECCF00185C61 /* Frameworks */ = {
			isa = PBXFrameworksBuildPhase;
			buildActionMask = 2147483647;
			files = (
			);
			runOnlyForDeploymentPostprocessing = 0;
		};
		EB28C24C2D1DECCF00185C61 /* Frameworks */ = {
			isa = PBXFrameworksBuildPhase;
			buildActionMask = 2147483647;
			files = (
			);
			runOnlyForDeploymentPostprocessing = 0;
		};
/* End PBXFrameworksBuildPhase section */

/* Begin PBXGroup section */
		EB28C2262D1DECCE00185C61 = {
			isa = PBXGroup;
			children = (
				EB28C2312D1DECCF00185C61 /* ios-first-app */,
				EB28C2482D1DECCF00185C61 /* ios-first-appTests */,
				EB28C2522D1DECCF00185C61 /* ios-first-appUITests */,
				EB28C2302D1DECCF00185C61 /* Products */,
			);
			sourceTree = "<group>";
		};
		EB28C2302D1DECCF00185C61 /* Products */ = {
			isa = PBXGroup;
			children = (
				EB28C22F2D1DECCF00185C61 /* ios-first-app.app */,
				EB28C2452D1DECCF00185C61 /* ios-first-appTests.xctest */,
				EB28C24F2D1DECCF00185C61 /* ios-first-appUITests.xctest */,
			);
			name = Products;
			sourceTree = "<group>";
		};
/* End PBXGroup section */

/* Begin PBXNativeTarget section */
		EB28C22E2D1DECCF00185C61 /* ios-first-app */ = {
			isa = PBXNativeTarget;
			buildConfigurationList = EB28C2582D1DECCF00185C61 /* Build configuration list for PBXNativeTarget "ios-first-app" */;
			buildPhases = (
				EB28C22B2D1DECCF00185C61 /* Sources */,
				EB28C22C2D1DECCF00185C61 /* Frameworks */,
				EB28C22D2D1DECCF00185C61 /* Resources */,
			);
			buildRules = (
			);
			dependencies = (
			);
			fileSystemSynchronizedGroups = (
				EB28C2312D1DECCF00185C61 /* ios-first-app */,
			);
			name = "ios-first-app";
			packageProductDependencies = (
			);
			productName = "ios-first-app";
			productReference = EB28C22F2D1DECCF00185C61 /* ios-first-app.app */;
			productType = "com.apple.product-type.application";
		};
		EB28C2442D1DECCF00185C61 /* ios-first-appTests */ = {
			isa = PBXNativeTarget;
			buildConfigurationList = EB28C25D2D1DECCF00185C61 /* Build configuration list for PBXNativeTarget "ios-first-appTests" */;
			buildPhases = (
				EB28C2412D1DECCF00185C61 /* Sources */,
				EB28C2422D1DECCF00185C61 /* Frameworks */,
				EB28C2432D1DECCF00185C61 /* Resources */,
			);
			buildRules = (
			);
			dependencies = (
				EB28C2472D1DECCF00185C61 /* PBXTargetDependency */,
			);
			fileSystemSynchronizedGroups = (
				EB28C2482D1DECCF00185C61 /* ios-first-appTests */,
			);
			name = "ios-first-appTests";
			packageProductDependencies = (
			);
			productName = "ios-first-appTests";
			productReference = EB28C2452D1DECCF00185C61 /* ios-first-appTests.xctest */;
			productType = "com.apple.product-type.bundle.unit-test";
		};
		EB28C24E2D1DECCF00185C61 /* ios-first-appUITests */ = {
			isa = PBXNativeTarget;
			buildConfigurationList = EB28C2602D1DECCF00185C61 /* Build configuration list for PBXNativeTarget "ios-first-appUITests" */;
			buildPhases = (
				EB28C24B2D1DECCF00185C61 /* Sources */,
				EB28C24C2D1DECCF00185C61 /* Frameworks */,
				EB28C24D2D1DECCF00185C61 /* Resources */,
			);
			buildRules = (
			);
			dependencies = (
				EB28C2512D1DECCF00185C61 /* PBXTargetDependency */,
			);
			fileSystemSynchronizedGroups = (
				EB28C2522D1DECCF00185C61 /* ios-first-appUITests */,
			);
			name = "ios-first-appUITests";
			packageProductDependencies = (
			);
			productName = "ios-first-appUITests";
			productReference = EB28C24F2D1DECCF00185C61 /* ios-first-appUITests.xctest */;
			productType = "com.apple.product-type.bundle.ui-testing";
		};
/* End PBXNativeTarget section */

/* Begin PBXProject section */
		EB28C2272D1DECCE00185C61 /* Project object */ = {
			isa = PBXProject;
			attributes = {
				BuildIndependentTargetsInParallel = 1;
				LastSwiftUpdateCheck = 1610;
				LastUpgradeCheck = 1610;
				TargetAttributes = {
					EB28C22E2D1DECCF00185C61 = {
						CreatedOnToolsVersion = 16.1;
					};
					EB28C2442D1DECCF00185C61 = {
						CreatedOnToolsVersion = 16.1;
						TestTargetID = EB28C22E2D1DECCF00185C61;
					};
					EB28C24E2D1DECCF00185C61 = {
						CreatedOnToolsVersion = 16.1;
						TestTargetID = EB28C22E2D1DECCF00185C61;
					};
				};
			};
			buildConfigurationList = EB28C22A2D1DECCE00185C61 /* Build configuration list for PBXProject "ios-first-app" */;
			developmentRegion = en;
			hasScannedForEncodings = 0;
			knownRegions = (
				en,
				Base,
			);
			mainGroup = EB28C2262D1DECCE00185C61;
			minimizedProjectReferenceProxies = 1;
			preferredProjectObjectVersion = 77;
			productRefGroup = EB28C2302D1DECCF00185C61 /* Products */;
			projectDirPath = "";
			projectRoot = "";
			targets = (
				EB28C22E2D1DECCF00185C61 /* ios-first-app */,
				EB28C2442D1DECCF00185C61 /* ios-first-appTests */,
				EB28C24E2D1DECCF00185C61 /* ios-first-appUITests */,
			);
		};
/* End PBXProject section */

/* Begin PBXResourcesBuildPhase section */
		EB28C22D2D1DECCF00185C61 /* Resources */ = {
			isa = PBXResourcesBuildPhase;
			buildActionMask = 2147483647;
			files = (
			);
			runOnlyForDeploymentPostprocessing = 0;
		};
		EB28C2432D1DECCF00185C61 /* Resources */ = {
			isa = PBXResourcesBuildPhase;
			buildActionMask = 2147483647;
			files = (
			);
			runOnlyForDeploymentPostprocessing = 0;
		};
		EB28C24D2D1DECCF00185C61 /* Resources */ = {
			isa = PBXResourcesBuildPhase;
			buildActionMask = 2147483647;
			files = (
			);
			runOnlyForDeploymentPostprocessing = 0;
		};
/* End PBXResourcesBuildPhase section */

/* Begin PBXSourcesBuildPhase section */
		EB28C22B2D1DECCF00185C61 /* Sources */ = {
			isa = PBXSourcesBuildPhase;
			buildActionMask = 2147483647;
			files = (
			);
			runOnlyForDeploymentPostprocessing = 0;
		};
		EB28C2412D1DECCF00185C61 /* Sources */ = {
			isa = PBXSourcesBuildPhase;
			buildActionMask = 2147483647;
			files = (
			);
			runOnlyForDeploymentPostprocessing = 0;
		};
		EB28C24B2D1DECCF00185C61 /* Sources */ = {
			isa = PBXSourcesBuildPhase;
			buildActionMask = 2147483647;
			files = (
			);
			runOnlyForDeploymentPostprocessing = 0;
		};
/* End PBXSourcesBuildPhase section */

/* Begin PBXTargetDependency section */
		EB28C2472D1DECCF00185C61 /* PBXTargetDependency */ = {
			isa = PBXTargetDependency;
			target = EB28C22E2D1DECCF00185C61 /* ios-first-app */;
			targetProxy = EB28C2462D1DECCF00185C61 /* PBXContainerItemProxy */;
		};
		EB28C2512D1DECCF00185C61 /* PBXTargetDependency */ = {
			isa = PBXTargetDependency;
			target = EB28C22E2D1DECCF00185C61 /* ios-first-app */;
			targetProxy = EB28C2502D1DECCF00185C61 /* PBXContainerItemProxy */;
		};
/* End PBXTargetDependency section */

/* Begin XCBuildConfiguration section */
		EB28C2592D1DECCF00185C61 /* Debug */ = {
			isa = XCBuildConfiguration;
			buildSettings = {
				ASSETCATALOG_COMPILER_APPICON_NAME = AppIcon;
				ASSETCATALOG_COMPILER_GLOBAL_ACCENT_COLOR_NAME = AccentColor;
				CODE_SIGN_STYLE = Automatic;
				CURRENT_PROJECT_VERSION = 1;
				GENERATE_INFOPLIST_FILE = YES;
				INFOPLIST_FILE = "ios-first-app/Info.plist";
				INFOPLIST_KEY_UIApplicationSupportsIndirectInputEvents = YES;
				INFOPLIST_KEY_UILaunchStoryboardName = LaunchScreen;
				INFOPLIST_KEY_UIMainStoryboardFile = Main;
				INFOPLIST_KEY_UISupportedInterfaceOrientations_iPad = "UIInterfaceOrientationPortrait UIInterfaceOrientationPortraitUpsideDown UIInterfaceOrientationLandscapeLeft UIInterfaceOrientationLandscapeRight";
				INFOPLIST_KEY_UISupportedInterfaceOrientations_iPhone = "UIInterfaceOrientationPortrait UIInterfaceOrientationLandscapeLeft UIInterfaceOrientationLandscapeRight";
				LD_RUNPATH_SEARCH_PATHS = (
					"$(inherited)",
					"@executable_path/Frameworks",
				);
				MARKETING_VERSION = 1.0;
				PRODUCT_BUNDLE_IDENTIFIER = "com.meral.nefes.ios-first-app";
				PRODUCT_NAME = "$(TARGET_NAME)";
				SWIFT_EMIT_LOC_STRINGS = YES;
				SWIFT_VERSION = 5.0;
				TARGETED_DEVICE_FAMILY = "1,2";
			};
			name = Debug;
		};
		EB28C25A2D1DECCF00185C61 /* Release */ = {
			isa = XCBuildConfiguration;
			buildSettings = {
				ASSETCATALOG_COMPILER_APPICON_NAME = AppIcon;
				ASSETCATALOG_COMPILER_GLOBAL_ACCENT_COLOR_NAME = AccentColor;
				CODE_SIGN_STYLE = Automatic;
				CURRENT_PROJECT_VERSION = 1;
				GENERATE_INFOPLIST_FILE = YES;
				INFOPLIST_FILE = "ios-first-app/Info.plist";
				INFOPLIST_KEY_UIApplicationSupportsIndirectInputEvents = YES;
				INFOPLIST_KEY_UILaunchStoryboardName = LaunchScreen;
				INFOPLIST_KEY_UIMainStoryboardFile = Main;
				INFOPLIST_KEY_UISupportedInterfaceOrientations_iPad = "UIInterfaceOrientationPortrait UIInterfaceOrientationPortraitUpsideDown UIInterfaceOrientationLandscapeLeft UIInterfaceOrientationLandscapeRight";
				INFOPLIST_KEY_UISupportedInterfaceOrientations_iPhone = "UIInterfaceOrientationPortrait UIInterfaceOrientationLandscapeLeft UIInterfaceOrientationLandscapeRight";
				LD_RUNPATH_SEARCH_PATHS = (
					"$(inherited)",
					"@executable_path/Frameworks",
				);
				MARKETING_VERSION = 1.0;
				PRODUCT_BUNDLE_IDENTIFIER = "com.meral.nefes.ios-first-app";
				PRODUCT_NAME = "$(TARGET_NAME)";
				SWIFT_EMIT_LOC_STRINGS = YES;
				SWIFT_VERSION = 5.0;
				TARGETED_DEVICE_FAMILY = "1,2";
			};
			name = Release;
		};
		EB28C25B2D1DECCF00185C61 /* Debug */ = {
			isa = XCBuildConfiguration;
			buildSettings = {
				ALWAYS_SEARCH_USER_PATHS = NO;
				ASSETCATALOG_COMPILER_GENERATE_SWIFT_ASSET_SYMBOL_EXTENSIONS = YES;
				CLANG_ANALYZER_NONNULL = YES;
				CLANG_ANALYZER_NUMBER_OBJECT_CONVERSION = YES_AGGRESSIVE;
				CLANG_CXX_LANGUAGE_STANDARD = "gnu++20";
				CLANG_ENABLE_MODULES = YES;
				CLANG_ENABLE_OBJC_ARC = YES;
				CLANG_ENABLE_OBJC_WEAK = YES;
				CLANG_WARN_BLOCK_CAPTURE_AUTORELEASING = YES;
				CLANG_WARN_BOOL_CONVERSION = YES;
				CLANG_WARN_COMMA = YES;
				CLANG_WARN_CONSTANT_CONVERSION = YES;
				CLANG_WARN_DEPRECATED_OBJC_IMPLEMENTATIONS = YES;
				CLANG_WARN_DIRECT_OBJC_ISA_USAGE = YES_ERROR;
				CLANG_WARN_DOCUMENTATION_COMMENTS = YES;
				CLANG_WARN_EMPTY_BODY = YES;
				CLANG_WARN_ENUM_CONVERSION = YES;
				CLANG_WARN_INFINITE_RECURSION = YES;
				CLANG_WARN_INT_CONVERSION = YES;
				CLANG_WARN_NON_LITERAL_NULL_CONVERSION = YES;
				CLANG_WARN_OBJC_IMPLICIT_RETAIN_SELF = YES;
				CLANG_WARN_OBJC_LITERAL_CONVERSION = YES;
				CLANG_WARN_OBJC_ROOT_CLASS = YES_ERROR;
				CLANG_WARN_QUOTED_INCLUDE_IN_FRAMEWORK_HEADER = YES;
				CLANG_WARN_RANGE_LOOP_ANALYSIS = YES;
				CLANG_WARN_STRICT_PROTOTYPES = YES;
				CLANG_WARN_SUSPICIOUS_MOVE = YES;
				CLANG_WARN_UNGUARDED_AVAILABILITY = YES_AGGRESSIVE;
				CLANG_WARN_UNREACHABLE_CODE = YES;
				CLANG_WARN__DUPLICATE_METHOD_MATCH = YES;
				COPY_PHASE_STRIP = NO;
				DEBUG_INFORMATION_FORMAT = dwarf;
				ENABLE_STRICT_OBJC_MSGSEND = YES;
				ENABLE_TESTABILITY = YES;
				ENABLE_USER_SCRIPT_SANDBOXING = YES;
				GCC_C_LANGUAGE_STANDARD = gnu17;
				GCC_DYNAMIC_NO_PIC = NO;
				GCC_NO_COMMON_BLOCKS = YES;
				GCC_OPTIMIZATION_LEVEL = 0;
				GCC_PREPROCESSOR_DEFINITIONS = (
					"DEBUG=1",
					"$(inherited)",
				);
				GCC_WARN_64_TO_32_BIT_CONVERSION = YES;
				GCC_WARN_ABOUT_RETURN_TYPE = YES_ERROR;
				GCC_WARN_UNDECLARED_SELECTOR = YES;
				GCC_WARN_UNINITIALIZED_AUTOS = YES_AGGRESSIVE;
				GCC_WARN_UNUSED_FUNCTION = YES;
				GCC_WARN_UNUSED_VARIABLE = YES;
				IPHONEOS_DEPLOYMENT_TARGET = 18.1;
				LOCALIZATION_PREFERS_STRING_CATALOGS = YES;
				MTL_ENABLE_DEBUG_INFO = INCLUDE_SOURCE;
				MTL_FAST_MATH = YES;
				ONLY_ACTIVE_ARCH = YES;
				SDKROOT = iphoneos;
				SWIFT_ACTIVE_COMPILATION_CONDITIONS = "DEBUG $(inherited)";
				SWIFT_OPTIMIZATION_LEVEL = "-Onone";
			};
			name = Debug;
		};
		EB28C25C2D1DECCF00185C61 /* Release */ = {
			isa = XCBuildConfiguration;
			buildSettings = {
				ALWAYS_SEARCH_USER_PATHS = NO;
				ASSETCATALOG_COMPILER_GENERATE_SWIFT_ASSET_SYMBOL_EXTENSIONS = YES;
				CLANG_ANALYZER_NONNULL = YES;
				CLANG_ANALYZER_NUMBER_OBJECT_CONVERSION = YES_AGGRESSIVE;
				CLANG_CXX_LANGUAGE_STANDARD = "gnu++20";
				CLANG_ENABLE_MODULES = YES;
				CLANG_ENABLE_OBJC_ARC = YES;
				CLANG_ENABLE_OBJC_WEAK = YES;
				CLANG_WARN_BLOCK_CAPTURE_AUTORELEASING = YES;
				CLANG_WARN_BOOL_CONVERSION = YES;
				CLANG_WARN_COMMA = YES;
				CLANG_WARN_CONSTANT_CONVERSION = YES;
				CLANG_WARN_DEPRECATED_OBJC_IMPLEMENTATIONS = YES;
				CLANG_WARN_DIRECT_OBJC_ISA_USAGE = YES_ERROR;
				CLANG_WARN_DOCUMENTATION_COMMENTS = YES;
				CLANG_WARN_EMPTY_BODY = YES;
				CLANG_WARN_ENUM_CONVERSION = YES;
				CLANG_WARN_INFINITE_RECURSION = YES;
				CLANG_WARN_INT_CONVERSION = YES;
				CLANG_WARN_NON_LITERAL_NULL_CONVERSION = YES;
				CLANG_WARN_OBJC_IMPLICIT_RETAIN_SELF = YES;
				CLANG_WARN_OBJC_LITERAL_CONVERSION = YES;
				CLANG_WARN_OBJC_ROOT_CLASS = YES_ERROR;
				CLANG_WARN_QUOTED_INCLUDE_IN_FRAMEWORK_HEADER = YES;
				CLANG_WARN_RANGE_LOOP_ANALYSIS = YES;
				CLANG_WARN_STRICT_PROTOTYPES = YES;
				CLANG_WARN_SUSPICIOUS_MOVE = YES;
				CLANG_WARN_UNGUARDED_AVAILABILITY = YES_AGGRESSIVE;
				CLANG_WARN_UNREACHABLE_CODE = YES;
				CLANG_WARN__DUPLICATE_METHOD_MATCH = YES;
				COPY_PHASE_STRIP = NO;
				DEBUG_INFORMATION_FORMAT = "dwarf-with-dsym";
				ENABLE_NS_ASSERTIONS = NO;
				ENABLE_STRICT_OBJC_MSGSEND = YES;
				ENABLE_USER_SCRIPT_SANDBOXING = YES;
				GCC_C_LANGUAGE_STANDARD = gnu17;
				GCC_NO_COMMON_BLOCKS = YES;
				GCC_WARN_64_TO_32_BIT_CONVERSION = YES;
				GCC_WARN_ABOUT_RETURN_TYPE = YES_ERROR;
				GCC_WARN_UNDECLARED_SELECTOR = YES;
				GCC_WARN_UNINITIALIZED_AUTOS = YES_AGGRESSIVE;
				GCC_WARN_UNUSED_FUNCTION = YES;
				GCC_WARN_UNUSED_VARIABLE = YES;
				IPHONEOS_DEPLOYMENT_TARGET = 18.1;
				LOCALIZATION_PREFERS_STRING_CATALOGS = YES;
				MTL_ENABLE_DEBUG_INFO = NO;
				MTL_FAST_MATH = YES;
				SDKROOT = iphoneos;
				SWIFT_COMPILATION_MODE = wholemodule;
				VALIDATE_PRODUCT = YES;
			};
			name = Release;
		};
		EB28C25E2D1DECCF00185C61 /* Debug */ = {
			isa = XCBuildConfiguration;
			buildSettings = {
				BUNDLE_LOADER = "$(TEST_HOST)";
				CODE_SIGN_STYLE = Automatic;
				CURRENT_PROJECT_VERSION = 1;
				GENERATE_INFOPLIST_FILE = YES;
				IPHONEOS_DEPLOYMENT_TARGET = 18.1;
				MARKETING_VERSION = 1.0;
				PRODUCT_BUNDLE_IDENTIFIER = "com.meral.nefes.ios-first-appTests";
				PRODUCT_NAME = "$(TARGET_NAME)";
				SWIFT_EMIT_LOC_STRINGS = NO;
				SWIFT_VERSION = 5.0;
				TARGETED_DEVICE_FAMILY = "1,2";
				TEST_HOST = "$(BUILT_PRODUCTS_DIR)/ios-first-app.app/$(BUNDLE_EXECUTABLE_FOLDER_PATH)/ios-first-app";
			};
			name = Debug;
		};
		EB28C25F2D1DECCF00185C61 /* Release */ = {
			isa = XCBuildConfiguration;
			buildSettings = {
				BUNDLE_LOADER = "$(TEST_HOST)";
				CODE_SIGN_STYLE = Automatic;
				CURRENT_PROJECT_VERSION = 1;
				GENERATE_INFOPLIST_FILE = YES;
				IPHONEOS_DEPLOYMENT_TARGET = 18.1;
				MARKETING_VERSION = 1.0;
				PRODUCT_BUNDLE_IDENTIFIER = "com.meral.nefes.ios-first-appTests";
				PRODUCT_NAME = "$(TARGET_NAME)";
				SWIFT_EMIT_LOC_STRINGS = NO;
				SWIFT_VERSION = 5.0;
				TARGETED_DEVICE_FAMILY = "1,2";
				TEST_HOST = "$(BUILT_PRODUCTS_DIR)/ios-first-app.app/$(BUNDLE_EXECUTABLE_FOLDER_PATH)/ios-first-app";
			};
			name = Release;
		};
		EB28C2612D1DECCF00185C61 /* Debug */ = {
			isa = XCBuildConfiguration;
			buildSettings = {
				CODE_SIGN_STYLE = Automatic;
				CURRENT_PROJECT_VERSION = 1;
				GENERATE_INFOPLIST_FILE = YES;
				MARKETING_VERSION = 1.0;
				PRODUCT_BUNDLE_IDENTIFIER = "com.meral.nefes.ios-first-appUITests";
				PRODUCT_NAME = "$(TARGET_NAME)";
				SWIFT_EMIT_LOC_STRINGS = NO;
				SWIFT_VERSION = 5.0;
				TARGETED_DEVICE_FAMILY = "1,2";
				TEST_TARGET_NAME = "ios-first-app";
			};
			name = Debug;
		};
		EB28C2622D1DECCF00185C61 /* Release */ = {
			isa = XCBuildConfiguration;
			buildSettings = {
				CODE_SIGN_STYLE = Automatic;
				CURRENT_PROJECT_VERSION = 1;
				GENERATE_INFOPLIST_FILE = YES;
				MARKETING_VERSION = 1.0;
				PRODUCT_BUNDLE_IDENTIFIER = "com.meral.nefes.ios-first-appUITests";
				PRODUCT_NAME = "$(TARGET_NAME)";
				SWIFT_EMIT_LOC_STRINGS = NO;
				SWIFT_VERSION = 5.0;
				TARGETED_DEVICE_FAMILY = "1,2";
				TEST_TARGET_NAME = "ios-first-app";
			};
			name = Release;
		};
/* End XCBuildConfiguration section */

/* Begin XCConfigurationList section */
		EB28C22A2D1DECCE00185C61 /* Build configuration list for PBXProject "ios-first-app" */ = {
			isa = XCConfigurationList;
			buildConfigurations = (
				EB28C25B2D1DECCF00185C61 /* Debug */,
				EB28C25C2D1DECCF00185C61 /* Release */,
			);
			defaultConfigurationIsVisible = 0;
			defaultConfigurationName = Release;
		};
		EB28C2582D1DECCF00185C61 /* Build configuration list for PBXNativeTarget "ios-first-app" */ = {
			isa = XCConfigurationList;
			buildConfigurations = (
				EB28C2592D1DECCF00185C61 /* Debug */,
				EB28C25A2D1DECCF00185C61 /* Release */,
			);
			defaultConfigurationIsVisible = 0;
			defaultConfigurationName = Release;
		};
		EB28C25D2D1DECCF00185C61 /* Build configuration list for PBXNativeTarget "ios-first-appTests" */ = {
			isa = XCConfigurationList;
			buildConfigurations = (
				EB28C25E2D1DECCF00185C61 /* Debug */,
				EB28C25F2D1DECCF00185C61 /* Release */,
			);
			defaultConfigurationIsVisible = 0;
			defaultConfigurationName = Release;
		};
		EB28C2602D1DECCF00185C61 /* Build configuration list for PBXNativeTarget "ios-first-appUITests" */ = {
			isa = XCConfigurationList;
			buildConfigurations = (
				EB28C2612D1DECCF00185C61 /* Debug */,
				EB28C2622D1DECCF00185C61 /* Release */,
			);
			defaultConfigurationIsVisible = 0;
			defaultConfigurationName = Release;
		};
/* End XCConfigurationList section */
	};
	rootObject = EB28C2272D1DECCE00185C61 /* Project object */;
}
